{
  "name": "c01w24-project-ByteBand",
  "lockfileVersion": 3,
  "requires": true,
  "packages": {
    "": {
      "dependencies": {
        "@prismicio/client": "^7.3.1"
      }
    },
    "node_modules/@prismicio/client": {
      "version": "7.3.1",
      "resolved": "https://registry.npmjs.org/@prismicio/client/-/client-7.3.1.tgz",
      "integrity": "sha512-9MKR/atr4dIQz8rZsQ4Fe7588qSQF2CYXutYW8O9bJOqlrjvAcC8b1Yvu7AIOksXlxE/aAWPtriQ2JZMiTFjNw==",
      "dependencies": {
        "imgix-url-builder": "^0.0.4"
      },
      "engines": {
        "node": ">=14.15.0"
      }
    },
    "node_modules/imgix-url-builder": {
      "version": "0.0.4",
      "resolved": "https://registry.npmjs.org/imgix-url-builder/-/imgix-url-builder-0.0.4.tgz",
      "integrity": "sha512-JRLydfxGTTbSSOG82ewuCgnmw/CzIPzoDqpP3UYD7RE+QWS8ZZbpF87ZuRqtcbEKdxahRsExinuKRxPZVvukWA==",
      "engines": {
        "node": ">=12.7.0"
      }
    }
  }
}
